
Microsoft Visual Studio Solution File, Format Version 12.00
# Visual Studio 2012
Project("{8BC9CEB8-8B4A-11D0-8D11-00A0C91BC942}") = "Lab8", "Lab8\Lab8.vcxproj", "{D10A4139-7D4C-464B-978B-9952D50B9F3C}"
EndProject
Global
	GlobalSection(SolutionConfigurationPlatforms) = preSolution
		Debug|Win32 = Debug|Win32
		Release|Win32 = Release|Win32
	EndGlobalSection
	GlobalSection(ProjectConfigurationPlatforms) = postSolution
		{D10A4139-7D4C-464B-978B-9952D50B9F3C}.Debug|Win32.ActiveCfg = Debug|Win32
		{D10A4139-7D4C-464B-978B-9952D50B9F3C}.Debug|Win32.Build.0 = Debug|Win32
		{D10A4139-7D4C-464B-978B-9952D50B9F3C}.Release|Win32.ActiveCfg = Release|Win32
		{D10A4139-7D4C-464B-978B-9952D50B9F3C}.Release|Win32.Build.0 = Release|Win32
	EndGlobalSection
	GlobalSection(SolutionProperties) = preSolution
		HideSolutionNode = FALSE
	EndGlobalSection
EndGlobal
